
Microsoft Visual Studio Solution File, Format Version 12.00
# Visual Studio Version 17
VisualStudioVersion = 17.5.002.0
MinimumVisualStudioVersion = 10.0.40219.1
Project("{9A19103F-16F7-4668-BE54-9A1E7A4F7556}") = "cadastro-clientes", "cadastro-clientes.csproj", "{8AEF0675-67AF-4EE4-A08F-8E805440F810}"
EndProject
Global
	GlobalSection(SolutionConfigurationPlatforms) = preSolution
		Debug|Any CPU = Debug|Any CPU
		Release|Any CPU = Release|Any CPU
	EndGlobalSection
	GlobalSection(ProjectConfigurationPlatforms) = postSolution
		{8AEF0675-67AF-4EE4-A08F-8E805440F810}.Debug|Any CPU.ActiveCfg = Debug|Any CPU
		{8AEF0675-67AF-4EE4-A08F-8E805440F810}.Debug|Any CPU.Build.0 = Debug|Any CPU
		{8AEF0675-67AF-4EE4-A08F-8E805440F810}.Release|Any CPU.ActiveCfg = Release|Any CPU
		{8AEF0675-67AF-4EE4-A08F-8E805440F810}.Release|Any CPU.Build.0 = Release|Any CPU
	EndGlobalSection
	GlobalSection(SolutionProperties) = preSolution
		HideSolutionNode = FALSE
	EndGlobalSection
	GlobalSection(ExtensibilityGlobals) = postSolution
		SolutionGuid = {C1C7BD72-5DCD-4A14-92D1-9F8940AF9619}
	EndGlobalSection
EndGlobal
